schema: '2.0'
stages:
  scrape-properties:
    cmd: scrape-properties dumped_data/2025-10-18T18:06:41+09:00/東京都.zip 
      --output-filename dumped_data/2025-10-18T18:06:41+09:00/東京都.pickle 
      --output-format pickle --jobs 3
    deps:
    - path: ../libs/otokuna
      hash: md5
      md5: 70e8cafc1d8bb39ed649a65d19dc47b5.dir
      size: 607612
      nfiles: 17
    - path: dumped_data/2025-10-18T18:06:41+09:00/東京都.zip
      hash: md5
      md5: ea2fbb1681dd189281bad9d337c1fcbf
      size: 7271932
    outs:
    - path: dumped_data/2025-10-18T18:06:41+09:00/東京都.pickle
      hash: md5
      md5: f7286234a3f19ec51738dec84a96053b
      size: 5567906
  train:
    cmd: ./train.py dumped_data/2025-10-18T18:06:41+09:00/東京都.pickle 
      models/regressor
    deps:
    - path: ../libs/otokuna
      hash: md5
      md5: 70e8cafc1d8bb39ed649a65d19dc47b5.dir
      size: 607612
      nfiles: 17
    - path: dumped_data/2025-10-18T18:06:41+09:00/東京都.pickle
      hash: md5
      md5: f7286234a3f19ec51738dec84a96053b
      size: 5567906
    - path: train.py
      hash: md5
      md5: 09fb399d1d2041249c617b009c5cf089
      size: 3059
      isexec: true
    outs:
    - path: metrics.json
      hash: md5
      md5: c3f3afcc9b7c3bb34aec9ac7f04691e2
      size: 107
    - path: models/regressor.cbm
      hash: md5
      md5: d8f844125236728552b3958d31d1a796
      size: 22687208
    - path: models/regressor.onnx
      hash: md5
      md5: 1720e54eba8ccc781fdd0401fbec2a3e
      size: 97056603
  check-onnx:
    cmd: ./check_onnx.py dumped_data/2025-10-18T18:06:41+09:00/東京都.pickle 
      models/regressor.onnx models/regressor.cbm
    deps:
    - path: check_onnx.py
      hash: md5
      md5: e78c2470b42f036c618f8cd11f90a2ff
      size: 1717
      isexec: true
    - path: dumped_data/2025-10-18T18:06:41+09:00/東京都.pickle
      hash: md5
      md5: f7286234a3f19ec51738dec84a96053b
      size: 5567906
    - path: models/regressor.cbm
      hash: md5
      md5: d8f844125236728552b3958d31d1a796
      size: 22687208
    - path: models/regressor.onnx
      hash: md5
      md5: 1720e54eba8ccc781fdd0401fbec2a3e
      size: 97056603
    outs:
    - path: check_onnx.json
      hash: md5
      md5: 91dc0b215b0f82d95e7f7771233a41cb
      size: 43
